{
  "pins" : [
    {
      "identity" : "wwprint",
      "kind" : "remoteSourceControl",
      "location" : "https://github.com/William-Weng/WWPrint",
      "state" : {
        "revision" : "8f5928f5d36624d77f8fc563fd8e31a59cfac6b6",
        "version" : "1.3.1"
      }
    },
    {
      "identity" : "wwsidemenuviewcontroller",
      "kind" : "remoteSourceControl",
      "location" : "https://github.com/William-Weng/WWSideMenuViewController",
      "state" : {
        "revision" : "a0ef91906c0e9fdc4f1468738d52e2f114a3e9cc",
        "version" : "1.0.2"
      }
    }
  ],
  "version" : 2
}
