{
  "originHash" : "40869bbb420bb8a92d94ca545fc8efb06505a6f20ceca6a42098e7a2d936ccf3",
  "pins" : [
    {
      "identity" : "wwsidemenuviewcontroller",
      "kind" : "remoteSourceControl",
      "location" : "https://github.com/William-Weng/WWSideMenuViewController.git",
      "state" : {
        "revision" : "3f4c6a3ac8b2b0bc24510974da3efa2e33a38f0e",
        "version" : "1.5.0"
      }
    }
  ],
  "version" : 3
}
