{
  "originHash" : "142032cbaaa4225f4b41cd2d6abf4d3af1010ecc2ffcf0f0b6e712b1705bc07f",
  "pins" : [
    {
      "identity" : "wwsidemenuviewcontroller",
      "kind" : "remoteSourceControl",
      "location" : "https://github.com/William-Weng/WWSideMenuViewController",
      "state" : {
        "revision" : "a955e02e1eb13112ac3ae45117f77f97de13a8c1",
        "version" : "1.4.5"
      }
    }
  ],
  "version" : 3
}
